
Microsoft Visual Studio Solution File, Format Version 12.00
# Visual Studio Version 16
VisualStudioVersion = 16.0.810.23
MinimumVisualStudioVersion = 10.0.40219.1
Project("{FAE04EC0-301F-11D3-BF4B-00C04F79EFBC}") = "FIApp.Android", "FIApp.Android\FIApp.Android.csproj", "{BF42D5EC-01D4-4BA7-89AE-1756C5CF72C5}"
EndProject
Project("{FAE04EC0-301F-11D3-BF4B-00C04F79EFBC}") = "FIApp.iOS", "FIApp.iOS\FIApp.iOS.csproj", "{682C149B-0CCF-4082-BC56-F7DB8665C946}"
EndProject
Project("{FAE04EC0-301F-11D3-BF4B-00C04F79EFBC}") = "FIApp", "FIApp\FIApp.csproj", "{6DB356AC-7DE2-4076-902C-2C4ED0C6BD77}"
EndProject
Project("{FAE04EC0-301F-11D3-BF4B-00C04F79EFBC}") = "ZelleBindingLibraryIOS", "..\..\..\Projects\ZelleBindingLibraryIOS\ZelleBindingLibraryIOS\ZelleBindingLibraryIOS.csproj", "{537725AF-9C3C-4921-B499-42F90C0C79C0}"
EndProject
Project("{FAE04EC0-301F-11D3-BF4B-00C04F79EFBC}") = "Xamarin.SingleView", "..\..\..\New Xamarin Binding Project 18 July\Xamarin.SingleView\Xamarin.SingleView.csproj", "{9A12DEBA-98C7-4161-8E02-59AB213A7595}"
EndProject
Global
	GlobalSection(SolutionConfigurationPlatforms) = preSolution
		Debug|Any CPU = Debug|Any CPU
		Release|Any CPU = Release|Any CPU
		Debug|iPhoneSimulator = Debug|iPhoneSimulator
		Release|iPhoneSimulator = Release|iPhoneSimulator
		Debug|iPhone = Debug|iPhone
		Release|iPhone = Release|iPhone
	EndGlobalSection
	GlobalSection(ProjectConfigurationPlatforms) = postSolution
		{BF42D5EC-01D4-4BA7-89AE-1756C5CF72C5}.Debug|Any CPU.ActiveCfg = Debug|Any CPU
		{BF42D5EC-01D4-4BA7-89AE-1756C5CF72C5}.Debug|Any CPU.Build.0 = Debug|Any CPU
		{BF42D5EC-01D4-4BA7-89AE-1756C5CF72C5}.Release|Any CPU.ActiveCfg = Release|Any CPU
		{BF42D5EC-01D4-4BA7-89AE-1756C5CF72C5}.Release|Any CPU.Build.0 = Release|Any CPU
		{BF42D5EC-01D4-4BA7-89AE-1756C5CF72C5}.Debug|iPhoneSimulator.ActiveCfg = Debug|Any CPU
		{BF42D5EC-01D4-4BA7-89AE-1756C5CF72C5}.Debug|iPhoneSimulator.Build.0 = Debug|Any CPU
		{BF42D5EC-01D4-4BA7-89AE-1756C5CF72C5}.Release|iPhoneSimulator.ActiveCfg = Release|Any CPU
		{BF42D5EC-01D4-4BA7-89AE-1756C5CF72C5}.Release|iPhoneSimulator.Build.0 = Release|Any CPU
		{BF42D5EC-01D4-4BA7-89AE-1756C5CF72C5}.Debug|iPhone.ActiveCfg = Debug|Any CPU
		{BF42D5EC-01D4-4BA7-89AE-1756C5CF72C5}.Debug|iPhone.Build.0 = Debug|Any CPU
		{BF42D5EC-01D4-4BA7-89AE-1756C5CF72C5}.Release|iPhone.ActiveCfg = Release|Any CPU
		{BF42D5EC-01D4-4BA7-89AE-1756C5CF72C5}.Release|iPhone.Build.0 = Release|Any CPU
		{682C149B-0CCF-4082-BC56-F7DB8665C946}.Debug|Any CPU.ActiveCfg = Debug|iPhoneSimulator
		{682C149B-0CCF-4082-BC56-F7DB8665C946}.Debug|Any CPU.Build.0 = Debug|iPhoneSimulator
		{682C149B-0CCF-4082-BC56-F7DB8665C946}.Release|Any CPU.ActiveCfg = Release|iPhoneSimulator
		{682C149B-0CCF-4082-BC56-F7DB8665C946}.Release|Any CPU.Build.0 = Release|iPhoneSimulator
		{682C149B-0CCF-4082-BC56-F7DB8665C946}.Debug|iPhoneSimulator.ActiveCfg = Debug|iPhoneSimulator
		{682C149B-0CCF-4082-BC56-F7DB8665C946}.Debug|iPhoneSimulator.Build.0 = Debug|iPhoneSimulator
		{682C149B-0CCF-4082-BC56-F7DB8665C946}.Release|iPhoneSimulator.ActiveCfg = Release|iPhoneSimulator
		{682C149B-0CCF-4082-BC56-F7DB8665C946}.Release|iPhoneSimulator.Build.0 = Release|iPhoneSimulator
		{682C149B-0CCF-4082-BC56-F7DB8665C946}.Debug|iPhone.ActiveCfg = Debug|iPhone
		{682C149B-0CCF-4082-BC56-F7DB8665C946}.Debug|iPhone.Build.0 = Debug|iPhone
		{682C149B-0CCF-4082-BC56-F7DB8665C946}.Release|iPhone.ActiveCfg = Release|iPhone
		{682C149B-0CCF-4082-BC56-F7DB8665C946}.Release|iPhone.Build.0 = Release|iPhone
		{6DB356AC-7DE2-4076-902C-2C4ED0C6BD77}.Debug|Any CPU.ActiveCfg = Debug|Any CPU
		{6DB356AC-7DE2-4076-902C-2C4ED0C6BD77}.Debug|Any CPU.Build.0 = Debug|Any CPU
		{6DB356AC-7DE2-4076-902C-2C4ED0C6BD77}.Release|Any CPU.ActiveCfg = Release|Any CPU
		{6DB356AC-7DE2-4076-902C-2C4ED0C6BD77}.Release|Any CPU.Build.0 = Release|Any CPU
		{6DB356AC-7DE2-4076-902C-2C4ED0C6BD77}.Debug|iPhoneSimulator.ActiveCfg = Debug|Any CPU
		{6DB356AC-7DE2-4076-902C-2C4ED0C6BD77}.Debug|iPhoneSimulator.Build.0 = Debug|Any CPU
		{6DB356AC-7DE2-4076-902C-2C4ED0C6BD77}.Release|iPhoneSimulator.ActiveCfg = Release|Any CPU
		{6DB356AC-7DE2-4076-902C-2C4ED0C6BD77}.Release|iPhoneSimulator.Build.0 = Release|Any CPU
		{6DB356AC-7DE2-4076-902C-2C4ED0C6BD77}.Debug|iPhone.ActiveCfg = Debug|Any CPU
		{6DB356AC-7DE2-4076-902C-2C4ED0C6BD77}.Debug|iPhone.Build.0 = Debug|Any CPU
		{6DB356AC-7DE2-4076-902C-2C4ED0C6BD77}.Release|iPhone.ActiveCfg = Release|Any CPU
		{6DB356AC-7DE2-4076-902C-2C4ED0C6BD77}.Release|iPhone.Build.0 = Release|Any CPU
		{537725AF-9C3C-4921-B499-42F90C0C79C0}.Debug|Any CPU.ActiveCfg = Debug|Any CPU
		{537725AF-9C3C-4921-B499-42F90C0C79C0}.Debug|Any CPU.Build.0 = Debug|Any CPU
		{537725AF-9C3C-4921-B499-42F90C0C79C0}.Release|Any CPU.ActiveCfg = Release|Any CPU
		{537725AF-9C3C-4921-B499-42F90C0C79C0}.Release|Any CPU.Build.0 = Release|Any CPU
		{537725AF-9C3C-4921-B499-42F90C0C79C0}.Debug|iPhoneSimulator.ActiveCfg = Debug|Any CPU
		{537725AF-9C3C-4921-B499-42F90C0C79C0}.Debug|iPhoneSimulator.Build.0 = Debug|Any CPU
		{537725AF-9C3C-4921-B499-42F90C0C79C0}.Release|iPhoneSimulator.ActiveCfg = Release|Any CPU
		{537725AF-9C3C-4921-B499-42F90C0C79C0}.Release|iPhoneSimulator.Build.0 = Release|Any CPU
		{537725AF-9C3C-4921-B499-42F90C0C79C0}.Debug|iPhone.ActiveCfg = Debug|Any CPU
		{537725AF-9C3C-4921-B499-42F90C0C79C0}.Debug|iPhone.Build.0 = Debug|Any CPU
		{537725AF-9C3C-4921-B499-42F90C0C79C0}.Release|iPhone.ActiveCfg = Release|Any CPU
		{537725AF-9C3C-4921-B499-42F90C0C79C0}.Release|iPhone.Build.0 = Release|Any CPU
		{9A12DEBA-98C7-4161-8E02-59AB213A7595}.Debug|Any CPU.ActiveCfg = Debug|Any CPU
		{9A12DEBA-98C7-4161-8E02-59AB213A7595}.Debug|Any CPU.Build.0 = Debug|Any CPU
		{9A12DEBA-98C7-4161-8E02-59AB213A7595}.Release|Any CPU.ActiveCfg = Release|Any CPU
		{9A12DEBA-98C7-4161-8E02-59AB213A7595}.Release|Any CPU.Build.0 = Release|Any CPU
		{9A12DEBA-98C7-4161-8E02-59AB213A7595}.Debug|iPhoneSimulator.ActiveCfg = Debug|Any CPU
		{9A12DEBA-98C7-4161-8E02-59AB213A7595}.Debug|iPhoneSimulator.Build.0 = Debug|Any CPU
		{9A12DEBA-98C7-4161-8E02-59AB213A7595}.Release|iPhoneSimulator.ActiveCfg = Release|Any CPU
		{9A12DEBA-98C7-4161-8E02-59AB213A7595}.Release|iPhoneSimulator.Build.0 = Release|Any CPU
		{9A12DEBA-98C7-4161-8E02-59AB213A7595}.Debug|iPhone.ActiveCfg = Debug|Any CPU
		{9A12DEBA-98C7-4161-8E02-59AB213A7595}.Debug|iPhone.Build.0 = Debug|Any CPU
		{9A12DEBA-98C7-4161-8E02-59AB213A7595}.Release|iPhone.ActiveCfg = Release|Any CPU
		{9A12DEBA-98C7-4161-8E02-59AB213A7595}.Release|iPhone.Build.0 = Release|Any CPU
	EndGlobalSection
	GlobalSection(SolutionProperties) = preSolution
		HideSolutionNode = FALSE
	EndGlobalSection
	GlobalSection(ExtensibilityGlobals) = postSolution
		SolutionGuid = {EB2AA71C-6D3C-4B6B-8B85-488FB7B85A43}
	EndGlobalSection
EndGlobal
